
Microsoft Visual Studio Solution File, Format Version 12.00
# Visual Studio Version 16
VisualStudioVersion = 16.0.31321.278
MinimumVisualStudioVersion = 10.0.40219.1
Project("{9A19103F-16F7-4668-BE54-9A1E7A4F7556}") = "ETrainerWEB", "ETrainerWEB\ETrainerWEB.csproj", "{9F2549CF-50C7-4E18-81AC-CFE352DC3DCF}"
EndProject
Global
	GlobalSection(SolutionConfigurationPlatforms) = preSolution
		Debug|Any CPU = Debug|Any CPU
		Release|Any CPU = Release|Any CPU
	EndGlobalSection
	GlobalSection(ProjectConfigurationPlatforms) = postSolution
		{9F2549CF-50C7-4E18-81AC-CFE352DC3DCF}.Debug|Any CPU.ActiveCfg = Debug|Any CPU
		{9F2549CF-50C7-4E18-81AC-CFE352DC3DCF}.Debug|Any CPU.Build.0 = Debug|Any CPU
		{9F2549CF-50C7-4E18-81AC-CFE352DC3DCF}.Release|Any CPU.ActiveCfg = Release|Any CPU
		{9F2549CF-50C7-4E18-81AC-CFE352DC3DCF}.Release|Any CPU.Build.0 = Release|Any CPU
	EndGlobalSection
	GlobalSection(SolutionProperties) = preSolution
		HideSolutionNode = FALSE
	EndGlobalSection
	GlobalSection(ExtensibilityGlobals) = postSolution
		SolutionGuid = {AFDBEDFA-490C-4B7D-B32C-613039370922}
	EndGlobalSection
EndGlobal
